
Microsoft Visual Studio Solution File, Format Version 12.00
# Visual Studio Version 17
VisualStudioVersion = 17.3.32811.315
MinimumVisualStudioVersion = 10.0.40219.1
Project("{FAE04EC0-301F-11D3-BF4B-00C04F79EFBC}") = "TH4_Nhom20", "TH4_Nhom20.csproj", "{674FBD29-A469-4340-A77C-D4FA4AE4BD60}"
EndProject
Global
	GlobalSection(SolutionConfigurationPlatforms) = preSolution
		Debug|Any CPU = Debug|Any CPU
		Release|Any CPU = Release|Any CPU
	EndGlobalSection
	GlobalSection(ProjectConfigurationPlatforms) = postSolution
		{674FBD29-A469-4340-A77C-D4FA4AE4BD60}.Debug|Any CPU.ActiveCfg = Debug|Any CPU
		{674FBD29-A469-4340-A77C-D4FA4AE4BD60}.Debug|Any CPU.Build.0 = Debug|Any CPU
		{674FBD29-A469-4340-A77C-D4FA4AE4BD60}.Release|Any CPU.ActiveCfg = Release|Any CPU
		{674FBD29-A469-4340-A77C-D4FA4AE4BD60}.Release|Any CPU.Build.0 = Release|Any CPU
	EndGlobalSection
	GlobalSection(SolutionProperties) = preSolution
		HideSolutionNode = FALSE
	EndGlobalSection
	GlobalSection(ExtensibilityGlobals) = postSolution
		SolutionGuid = {616A9797-0E34-4C30-B4FC-E07679166643}
	EndGlobalSection
EndGlobal
